
Microsoft Visual Studio Solution File, Format Version 12.00
# Visual Studio Version 17
VisualStudioVersion = 17.6.33815.320
MinimumVisualStudioVersion = 10.0.40219.1
Project("{FAE04EC0-301F-11D3-BF4B-00C04F79EFBC}") = "Forooshgah", "Forooshgah\Forooshgah.csproj", "{1C6B5028-2339-4B26-BB84-8DE234473FB2}"
EndProject
Global
	GlobalSection(SolutionConfigurationPlatforms) = preSolution
		Debug|Any CPU = Debug|Any CPU
		Release|Any CPU = Release|Any CPU
	EndGlobalSection
	GlobalSection(ProjectConfigurationPlatforms) = postSolution
		{1C6B5028-2339-4B26-BB84-8DE234473FB2}.Debug|Any CPU.ActiveCfg = Debug|Any CPU
		{1C6B5028-2339-4B26-BB84-8DE234473FB2}.Debug|Any CPU.Build.0 = Debug|Any CPU
		{1C6B5028-2339-4B26-BB84-8DE234473FB2}.Release|Any CPU.ActiveCfg = Release|Any CPU
		{1C6B5028-2339-4B26-BB84-8DE234473FB2}.Release|Any CPU.Build.0 = Release|Any CPU
	EndGlobalSection
	GlobalSection(SolutionProperties) = preSolution
		HideSolutionNode = FALSE
	EndGlobalSection
	GlobalSection(ExtensibilityGlobals) = postSolution
		SolutionGuid = {4FAFC01D-6189-4443-A6E5-850812E77F1A}
	EndGlobalSection
EndGlobal
